{
  "version": 4,
  "terraform_version": "1.5.4",
  "serial": 12,
  "lineage": "d753e098-d523-fa15-b78c-8a0db70fcb3c",
  "outputs": {},
  "resources": [
    {
      "mode": "managed",
      "type": "azurerm_resource_group",
      "name": "resource_group",
      "provider": "provider[\"registry.terraform.io/hashicorp/azurerm\"]",
      "instances": [
        {
          "schema_version": 0,
          "attributes": {
            "id": "/subscriptions/373d0e1e-4813-4ec5-800b-b2957b445d58/resourceGroups/rg-adl-osr-new",
            "location": "japaneast",
            "managed_by": "",
            "name": "rg-adl-osr-new",
            "tags": {
              "CreaterName": "Phannaphon Phonloedkasemsuk",
              "UserEmail": "siwanato@ais.co.th",
              "UserName": "Siwanat Ponkhun"
            },
            "timeouts": null
          },
          "sensitive_attributes": [],
          "private": "eyJlMmJmYjczMC1lY2FhLTExZTYtOGY4OC0zNDM2M2JjN2M0YzAiOnsiY3JlYXRlIjo1NDAwMDAwMDAwMDAwLCJkZWxldGUiOjU0MDAwMDAwMDAwMDAsInJlYWQiOjMwMDAwMDAwMDAwMCwidXBkYXRlIjo1NDAwMDAwMDAwMDAwfX0="
        }
      ]
    },
    {
      "mode": "managed",
      "type": "azurerm_route_table",
      "name": "azfwroutetable",
      "provider": "provider[\"registry.terraform.io/hashicorp/azurerm\"]",
      "instances": [
        {
          "schema_version": 0,
          "attributes": {
            "disable_bgp_route_propagation": false,
            "id": "/subscriptions/373d0e1e-4813-4ec5-800b-b2957b445d58/resourceGroups/rg-adl-osr-new/providers/Microsoft.Network/routeTables/adl-common-new-route-table",
            "location": "japaneast",
            "name": "adl-common-new-route-table",
            "resource_group_name": "rg-adl-osr-new",
            "route": [
              {
                "address_prefix": "0.0.0.0/0",
                "name": "AzfwDefaultRoute",
                "next_hop_in_ip_address": "10.80.1.68",
                "next_hop_type": "VirtualAppliance"
              }
            ],
            "subnets": [],
            "tags": {
              "CreaterName": "Phannaphon Phonloedkasemsuk",
              "UserEmail": "siwanato@ais.co.th",
              "UserName": "Siwanat Ponkhun"
            },
            "timeouts": null
          },
          "sensitive_attributes": [],
          "private": "eyJlMmJmYjczMC1lY2FhLTExZTYtOGY4OC0zNDM2M2JjN2M0YzAiOnsiY3JlYXRlIjoxODAwMDAwMDAwMDAwLCJkZWxldGUiOjE4MDAwMDAwMDAwMDAsInJlYWQiOjMwMDAwMDAwMDAwMCwidXBkYXRlIjoxODAwMDAwMDAwMDAwfX0=",
          "dependencies": [
            "azurerm_resource_group.resource_group"
          ]
        }
      ]
    },
    {
      "mode": "managed",
      "type": "azurerm_subnet",
      "name": "subnet-new-storage",
      "provider": "provider[\"registry.terraform.io/hashicorp/azurerm\"]",
      "instances": [
        {
          "schema_version": 0,
          "attributes": {
            "address_prefixes": [
              "172.28.1.16/28"
            ],
            "delegation": [],
            "enforce_private_link_endpoint_network_policies": false,
            "enforce_private_link_service_network_policies": false,
            "id": "/subscriptions/373d0e1e-4813-4ec5-800b-b2957b445d58/resourceGroups/rg-adl-osr-new/providers/Microsoft.Network/virtualNetworks/vnet-rg-adl-osr-new/subnets/subnet-adl-common-new-storage",
            "name": "subnet-adl-common-new-storage",
            "private_endpoint_network_policies_enabled": true,
            "private_link_service_network_policies_enabled": true,
            "resource_group_name": "rg-adl-osr-new",
            "service_endpoint_policy_ids": [],
            "service_endpoints": [],
            "timeouts": null,
            "virtual_network_name": "vnet-rg-adl-osr-new"
          },
          "sensitive_attributes": [],
          "private": "eyJlMmJmYjczMC1lY2FhLTExZTYtOGY4OC0zNDM2M2JjN2M0YzAiOnsiY3JlYXRlIjoxODAwMDAwMDAwMDAwLCJkZWxldGUiOjE4MDAwMDAwMDAwMDAsInJlYWQiOjMwMDAwMDAwMDAwMCwidXBkYXRlIjoxODAwMDAwMDAwMDAwfX0=",
          "dependencies": [
            "azurerm_resource_group.resource_group",
            "azurerm_virtual_network.vnet-rg-adl-osr-new"
          ]
        }
      ]
    },
    {
      "mode": "managed",
      "type": "azurerm_subnet",
      "name": "subnet-new-vm",
      "provider": "provider[\"registry.terraform.io/hashicorp/azurerm\"]",
      "instances": [
        {
          "schema_version": 0,
          "attributes": {
            "address_prefixes": [
              "172.28.1.0/28"
            ],
            "delegation": [],
            "enforce_private_link_endpoint_network_policies": false,
            "enforce_private_link_service_network_policies": false,
            "id": "/subscriptions/373d0e1e-4813-4ec5-800b-b2957b445d58/resourceGroups/rg-adl-osr-new/providers/Microsoft.Network/virtualNetworks/vnet-rg-adl-osr-new/subnets/subnet-adl-common-new-vm",
            "name": "subnet-adl-common-new-vm",
            "private_endpoint_network_policies_enabled": true,
            "private_link_service_network_policies_enabled": true,
            "resource_group_name": "rg-adl-osr-new",
            "service_endpoint_policy_ids": [],
            "service_endpoints": [],
            "timeouts": null,
            "virtual_network_name": "vnet-rg-adl-osr-new"
          },
          "sensitive_attributes": [],
          "private": "eyJlMmJmYjczMC1lY2FhLTExZTYtOGY4OC0zNDM2M2JjN2M0YzAiOnsiY3JlYXRlIjoxODAwMDAwMDAwMDAwLCJkZWxldGUiOjE4MDAwMDAwMDAwMDAsInJlYWQiOjMwMDAwMDAwMDAwMCwidXBkYXRlIjoxODAwMDAwMDAwMDAwfX0=",
          "dependencies": [
            "azurerm_resource_group.resource_group",
            "azurerm_virtual_network.vnet-rg-adl-osr-new"
          ]
        }
      ]
    },
    {
      "mode": "managed",
      "type": "azurerm_virtual_network",
      "name": "vnet-rg-adl-osr-new",
      "provider": "provider[\"registry.terraform.io/hashicorp/azurerm\"]",
      "instances": [
        {
          "schema_version": 0,
          "attributes": {
            "address_space": [
              "172.28.1.0/24"
            ],
            "bgp_community": "",
            "ddos_protection_plan": [],
            "dns_servers": [],
            "edge_zone": "",
            "encryption": [],
            "flow_timeout_in_minutes": 0,
            "guid": "c59b3c18-dfcf-4400-a7e7-74ac32dc957c",
            "id": "/subscriptions/373d0e1e-4813-4ec5-800b-b2957b445d58/resourceGroups/rg-adl-osr-new/providers/Microsoft.Network/virtualNetworks/vnet-rg-adl-osr-new",
            "location": "japaneast",
            "name": "vnet-rg-adl-osr-new",
            "resource_group_name": "rg-adl-osr-new",
            "subnet": [
              {
                "address_prefix": "172.28.1.0/28",
                "id": "/subscriptions/373d0e1e-4813-4ec5-800b-b2957b445d58/resourceGroups/rg-adl-osr-new/providers/Microsoft.Network/virtualNetworks/vnet-rg-adl-osr-new/subnets/subnet-adl-common-new-vm",
                "name": "subnet-adl-common-new-vm",
                "security_group": ""
              },
              {
                "address_prefix": "172.28.1.16/28",
                "id": "/subscriptions/373d0e1e-4813-4ec5-800b-b2957b445d58/resourceGroups/rg-adl-osr-new/providers/Microsoft.Network/virtualNetworks/vnet-rg-adl-osr-new/subnets/subnet-adl-common-new-storage",
                "name": "subnet-adl-common-new-storage",
                "security_group": ""
              }
            ],
            "tags": {
              "CreaterName": "Phannaphon Phonloedkasemsuk",
              "UserEmail": "siwanato@ais.co.th",
              "UserName": "Siwanat Ponkhun"
            },
            "timeouts": null
          },
          "sensitive_attributes": [],
          "private": "eyJlMmJmYjczMC1lY2FhLTExZTYtOGY4OC0zNDM2M2JjN2M0YzAiOnsiY3JlYXRlIjoxODAwMDAwMDAwMDAwLCJkZWxldGUiOjE4MDAwMDAwMDAwMDAsInJlYWQiOjMwMDAwMDAwMDAwMCwidXBkYXRlIjoxODAwMDAwMDAwMDAwfX0=",
          "dependencies": [
            "azurerm_resource_group.resource_group"
          ]
        }
      ]
    }
  ],
  "check_results": null
}
